// !$*UTF8*$!
{
	archiveVersion = 1;
	classes = {
	};
	objectVersion = 77;
	objects = {

/* Begin PBXBuildFile section */
		C9816A0E2D9328DB0008C237 /* FirebaseAuth in Frameworks */ = {isa = PBXBuildFile; productRef = C9816A0D2D9328DB0008C237 /* FirebaseAuth */; };
		C9816A102D9328DB0008C237 /* FirebaseCore in Frameworks */ = {isa = PBXBuildFile; productRef = C9816A0F2D9328DB0008C237 /* FirebaseCore */; };
		C9816A122D9328DB0008C237 /* FirebaseFirestore in Frameworks */ = {isa = PBXBuildFile; productRef = C9816A112D9328DB0008C237 /* FirebaseFirestore */; };
/* End PBXBuildFile section */

/* Begin PBXContainerItemProxy section */
		C981694A2D9327A90008C237 /* PBXContainerItemProxy */ = {
			isa = PBXContainerItemProxy;
			containerPortal = C98169312D9327A70008C237 /* Project object */;
			proxyType = 1;
			remoteGlobalIDString = C98169382D9327A70008C237;
			remoteInfo = momentum;
		};
		C98169542D9327A90008C237 /* PBXContainerItemProxy */ = {
			isa = PBXContainerItemProxy;
			containerPortal = C98169312D9327A70008C237 /* Project object */;
			proxyType = 1;
			remoteGlobalIDString = C98169382D9327A70008C237;
			remoteInfo = momentum;
		};
/* End PBXContainerItemProxy section */

/* Begin PBXFileReference section */
		C98169392D9327A70008C237 /* momentum.app */ = {isa = PBXFileReference; explicitFileType = wrapper.application; includeInIndex = 0; path = momentum.app; sourceTree = BUILT_PRODUCTS_DIR; };
		C98169492D9327A90008C237 /* momentumTests.xctest */ = {isa = PBXFileReference; explicitFileType = wrapper.cfbundle; includeInIndex = 0; path = momentumTests.xctest; sourceTree = BUILT_PRODUCTS_DIR; };
		C98169532D9327A90008C237 /* momentumUITests.xctest */ = {isa = PBXFileReference; explicitFileType = wrapper.cfbundle; includeInIndex = 0; path = momentumUITests.xctest; sourceTree = BUILT_PRODUCTS_DIR; };
/* End PBXFileReference section */

/* Begin PBXFileSystemSynchronizedRootGroup section */
		C981693B2D9327A70008C237 /* momentum */ = {
			isa = PBXFileSystemSynchronizedRootGroup;
			path = momentum;
			sourceTree = "<group>";
		};
		C981694C2D9327A90008C237 /* momentumTests */ = {
			isa = PBXFileSystemSynchronizedRootGroup;
			path = momentumTests;
			sourceTree = "<group>";
		};
		C98169562D9327A90008C237 /* momentumUITests */ = {
			isa = PBXFileSystemSynchronizedRootGroup;
			path = momentumUITests;
			sourceTree = "<group>";
		};
/* End PBXFileSystemSynchronizedRootGroup section */

/* Begin PBXFrameworksBuildPhase section */
		C98169362D9327A70008C237 /* Frameworks */ = {
			isa = PBXFrameworksBuildPhase;
			buildActionMask = 2147483647;
			files = (
				C9816A102D9328DB0008C237 /* FirebaseCore in Frameworks */,
				C9816A0E2D9328DB0008C237 /* FirebaseAuth in Frameworks */,
				C9816A122D9328DB0008C237 /* FirebaseFirestore in Frameworks */,
			);
			runOnlyForDeploymentPostprocessing = 0;
		};
		C98169462D9327A90008C237 /* Frameworks */ = {
			isa = PBXFrameworksBuildPhase;
			buildActionMask = 2147483647;
			files = (
			);
			runOnlyForDeploymentPostprocessing = 0;
		};
		C98169502D9327A90008C237 /* Frameworks */ = {
			isa = PBXFrameworksBuildPhase;
			buildActionMask = 2147483647;
			files = (
			);
			runOnlyForDeploymentPostprocessing = 0;
		};
/* End PBXFrameworksBuildPhase section */

/* Begin PBXGroup section */
		C98169302D9327A70008C237 = {
			isa = PBXGroup;
			children = (
				C981693B2D9327A70008C237 /* momentum */,
				C981694C2D9327A90008C237 /* momentumTests */,
				C98169562D9327A90008C237 /* momentumUITests */,
				C981693A2D9327A70008C237 /* Products */,
			);
			sourceTree = "<group>";
		};
		C981693A2D9327A70008C237 /* Products */ = {
			isa = PBXGroup;
			children = (
				C98169392D9327A70008C237 /* momentum.app */,
				C98169492D9327A90008C237 /* momentumTests.xctest */,
				C98169532D9327A90008C237 /* momentumUITests.xctest */,
			);
			name = Products;
			sourceTree = "<group>";
		};
/* End PBXGroup section */

/* Begin PBXNativeTarget section */
		C98169382D9327A70008C237 /* momentum */ = {
			isa = PBXNativeTarget;
			buildConfigurationList = C981695D2D9327A90008C237 /* Build configuration list for PBXNativeTarget "momentum" */;
			buildPhases = (
				C98169352D9327A70008C237 /* Sources */,
				C98169362D9327A70008C237 /* Frameworks */,
				C98169372D9327A70008C237 /* Resources */,
			);
			buildRules = (
			);
			dependencies = (
			);
			fileSystemSynchronizedGroups = (
				C981693B2D9327A70008C237 /* momentum */,
			);
			name = momentum;
			packageProductDependencies = (
				C9816A0D2D9328DB0008C237 /* FirebaseAuth */,
				C9816A0F2D9328DB0008C237 /* FirebaseCore */,
				C9816A112D9328DB0008C237 /* FirebaseFirestore */,
			);
			productName = momentum;
			productReference = C98169392D9327A70008C237 /* momentum.app */;
			productType = "com.apple.product-type.application";
		};
		C98169482D9327A90008C237 /* momentumTests */ = {
			isa = PBXNativeTarget;
			buildConfigurationList = C98169602D9327A90008C237 /* Build configuration list for PBXNativeTarget "momentumTests" */;
			buildPhases = (
				C98169452D9327A90008C237 /* Sources */,
				C98169462D9327A90008C237 /* Frameworks */,
				C98169472D9327A90008C237 /* Resources */,
			);
			buildRules = (
			);
			dependencies = (
				C981694B2D9327A90008C237 /* PBXTargetDependency */,
			);
			fileSystemSynchronizedGroups = (
				C981694C2D9327A90008C237 /* momentumTests */,
			);
			name = momentumTests;
			packageProductDependencies = (
			);
			productName = momentumTests;
			productReference = C98169492D9327A90008C237 /* momentumTests.xctest */;
			productType = "com.apple.product-type.bundle.unit-test";
		};
		C98169522D9327A90008C237 /* momentumUITests */ = {
			isa = PBXNativeTarget;
			buildConfigurationList = C98169632D9327A90008C237 /* Build configuration list for PBXNativeTarget "momentumUITests" */;
			buildPhases = (
				C981694F2D9327A90008C237 /* Sources */,
				C98169502D9327A90008C237 /* Frameworks */,
				C98169512D9327A90008C237 /* Resources */,
			);
			buildRules = (
			);
			dependencies = (
				C98169552D9327A90008C237 /* PBXTargetDependency */,
			);
			fileSystemSynchronizedGroups = (
				C98169562D9327A90008C237 /* momentumUITests */,
			);
			name = momentumUITests;
			packageProductDependencies = (
			);
			productName = momentumUITests;
			productReference = C98169532D9327A90008C237 /* momentumUITests.xctest */;
			productType = "com.apple.product-type.bundle.ui-testing";
		};
/* End PBXNativeTarget section */

/* Begin PBXProject section */
		C98169312D9327A70008C237 /* Project object */ = {
			isa = PBXProject;
			attributes = {
				BuildIndependentTargetsInParallel = 1;
				LastSwiftUpdateCheck = 1610;
				LastUpgradeCheck = 1610;
				TargetAttributes = {
					C98169382D9327A70008C237 = {
						CreatedOnToolsVersion = 16.1;
					};
					C98169482D9327A90008C237 = {
						CreatedOnToolsVersion = 16.1;
						TestTargetID = C98169382D9327A70008C237;
					};
					C98169522D9327A90008C237 = {
						CreatedOnToolsVersion = 16.1;
						TestTargetID = C98169382D9327A70008C237;
					};
				};
			};
			buildConfigurationList = C98169342D9327A70008C237 /* Build configuration list for PBXProject "momentum" */;
			developmentRegion = en;
			hasScannedForEncodings = 0;
			knownRegions = (
				en,
				Base,
			);
			mainGroup = C98169302D9327A70008C237;
			minimizedProjectReferenceProxies = 1;
			packageReferences = (
				C9816A0C2D9328DB0008C237 /* XCRemoteSwiftPackageReference "firebase-ios-sdk" */,
			);
			preferredProjectObjectVersion = 77;
			productRefGroup = C981693A2D9327A70008C237 /* Products */;
			projectDirPath = "";
			projectRoot = "";
			targets = (
				C98169382D9327A70008C237 /* momentum */,
				C98169482D9327A90008C237 /* momentumTests */,
				C98169522D9327A90008C237 /* momentumUITests */,
			);
		};
/* End PBXProject section */

/* Begin PBXResourcesBuildPhase section */
		C98169372D9327A70008C237 /* Resources */ = {
			isa = PBXResourcesBuildPhase;
			buildActionMask = 2147483647;
			files = (
			);
			runOnlyForDeploymentPostprocessing = 0;
		};
		C98169472D9327A90008C237 /* Resources */ = {
			isa = PBXResourcesBuildPhase;
			buildActionMask = 2147483647;
			files = (
			);
			runOnlyForDeploymentPostprocessing = 0;
		};
		C98169512D9327A90008C237 /* Resources */ = {
			isa = PBXResourcesBuildPhase;
			buildActionMask = 2147483647;
			files = (
			);
			runOnlyForDeploymentPostprocessing = 0;
		};
/* End PBXResourcesBuildPhase section */

/* Begin PBXSourcesBuildPhase section */
		C98169352D9327A70008C237 /* Sources */ = {
			isa = PBXSourcesBuildPhase;
			buildActionMask = 2147483647;
			files = (
			);
			runOnlyForDeploymentPostprocessing = 0;
		};
		C98169452D9327A90008C237 /* Sources */ = {
			isa = PBXSourcesBuildPhase;
			buildActionMask = 2147483647;
			files = (
			);
			runOnlyForDeploymentPostprocessing = 0;
		};
		C981694F2D9327A90008C237 /* Sources */ = {
			isa = PBXSourcesBuildPhase;
			buildActionMask = 2147483647;
			files = (
			);
			runOnlyForDeploymentPostprocessing = 0;
		};
/* End PBXSourcesBuildPhase section */

/* Begin PBXTargetDependency section */
		C981694B2D9327A90008C237 /* PBXTargetDependency */ = {
			isa = PBXTargetDependency;
			target = C98169382D9327A70008C237 /* momentum */;
			targetProxy = C981694A2D9327A90008C237 /* PBXContainerItemProxy */;
		};
		C98169552D9327A90008C237 /* PBXTargetDependency */ = {
			isa = PBXTargetDependency;
			target = C98169382D9327A70008C237 /* momentum */;
			targetProxy = C98169542D9327A90008C237 /* PBXContainerItemProxy */;
		};
/* End PBXTargetDependency section */

/* Begin XCBuildConfiguration section */
		C981695B2D9327A90008C237 /* Debug */ = {
			isa = XCBuildConfiguration;
			buildSettings = {
				ALWAYS_SEARCH_USER_PATHS = NO;
				ASSETCATALOG_COMPILER_GENERATE_SWIFT_ASSET_SYMBOL_EXTENSIONS = YES;
				CLANG_ANALYZER_NONNULL = YES;
				CLANG_ANALYZER_NUMBER_OBJECT_CONVERSION = YES_AGGRESSIVE;
				CLANG_CXX_LANGUAGE_STANDARD = "gnu++20";
				CLANG_ENABLE_MODULES = YES;
				CLANG_ENABLE_OBJC_ARC = YES;
				CLANG_ENABLE_OBJC_WEAK = YES;
				CLANG_WARN_BLOCK_CAPTURE_AUTORELEASING = YES;
				CLANG_WARN_BOOL_CONVERSION = YES;
				CLANG_WARN_COMMA = YES;
				CLANG_WARN_CONSTANT_CONVERSION = YES;
				CLANG_WARN_DEPRECATED_OBJC_IMPLEMENTATIONS = YES;
				CLANG_WARN_DIRECT_OBJC_ISA_USAGE = YES_ERROR;
				CLANG_WARN_DOCUMENTATION_COMMENTS = YES;
				CLANG_WARN_EMPTY_BODY = YES;
				CLANG_WARN_ENUM_CONVERSION = YES;
				CLANG_WARN_INFINITE_RECURSION = YES;
				CLANG_WARN_INT_CONVERSION = YES;
				CLANG_WARN_NON_LITERAL_NULL_CONVERSION = YES;
				CLANG_WARN_OBJC_IMPLICIT_RETAIN_SELF = YES;
				CLANG_WARN_OBJC_LITERAL_CONVERSION = YES;
				CLANG_WARN_OBJC_ROOT_CLASS = YES_ERROR;
				CLANG_WARN_QUOTED_INCLUDE_IN_FRAMEWORK_HEADER = YES;
				CLANG_WARN_RANGE_LOOP_ANALYSIS = YES;
				CLANG_WARN_STRICT_PROTOTYPES = YES;
				CLANG_WARN_SUSPICIOUS_MOVE = YES;
				CLANG_WARN_UNGUARDED_AVAILABILITY = YES_AGGRESSIVE;
				CLANG_WARN_UNREACHABLE_CODE = YES;
				CLANG_WARN__DUPLICATE_METHOD_MATCH = YES;
				COPY_PHASE_STRIP = NO;
				DEBUG_INFORMATION_FORMAT = dwarf;
				ENABLE_STRICT_OBJC_MSGSEND = YES;
				ENABLE_TESTABILITY = YES;
				ENABLE_USER_SCRIPT_SANDBOXING = YES;
				GCC_C_LANGUAGE_STANDARD = gnu17;
				GCC_DYNAMIC_NO_PIC = NO;
				GCC_NO_COMMON_BLOCKS = YES;
				GCC_OPTIMIZATION_LEVEL = 0;
				GCC_PREPROCESSOR_DEFINITIONS = (
					"DEBUG=1",
					"$(inherited)",
				);
				GCC_WARN_64_TO_32_BIT_CONVERSION = YES;
				GCC_WARN_ABOUT_RETURN_TYPE = YES_ERROR;
				GCC_WARN_UNDECLARED_SELECTOR = YES;
				GCC_WARN_UNINITIALIZED_AUTOS = YES_AGGRESSIVE;
				GCC_WARN_UNUSED_FUNCTION = YES;
				GCC_WARN_UNUSED_VARIABLE = YES;
				IPHONEOS_DEPLOYMENT_TARGET = 18.1;
				LOCALIZATION_PREFERS_STRING_CATALOGS = YES;
				MTL_ENABLE_DEBUG_INFO = INCLUDE_SOURCE;
				MTL_FAST_MATH = YES;
				ONLY_ACTIVE_ARCH = YES;
				SDKROOT = iphoneos;
				SWIFT_ACTIVE_COMPILATION_CONDITIONS = "DEBUG $(inherited)";
				SWIFT_OPTIMIZATION_LEVEL = "-Onone";
			};
			name = Debug;
		};
		C981695C2D9327A90008C237 /* Release */ = {
			isa = XCBuildConfiguration;
			buildSettings = {
				ALWAYS_SEARCH_USER_PATHS = NO;
				ASSETCATALOG_COMPILER_GENERATE_SWIFT_ASSET_SYMBOL_EXTENSIONS = YES;
				CLANG_ANALYZER_NONNULL = YES;
				CLANG_ANALYZER_NUMBER_OBJECT_CONVERSION = YES_AGGRESSIVE;
				CLANG_CXX_LANGUAGE_STANDARD = "gnu++20";
				CLANG_ENABLE_MODULES = YES;
				CLANG_ENABLE_OBJC_ARC = YES;
				CLANG_ENABLE_OBJC_WEAK = YES;
				CLANG_WARN_BLOCK_CAPTURE_AUTORELEASING = YES;
				CLANG_WARN_BOOL_CONVERSION = YES;
				CLANG_WARN_COMMA = YES;
				CLANG_WARN_CONSTANT_CONVERSION = YES;
				CLANG_WARN_DEPRECATED_OBJC_IMPLEMENTATIONS = YES;
				CLANG_WARN_DIRECT_OBJC_ISA_USAGE = YES_ERROR;
				CLANG_WARN_DOCUMENTATION_COMMENTS = YES;
				CLANG_WARN_EMPTY_BODY = YES;
				CLANG_WARN_ENUM_CONVERSION = YES;
				CLANG_WARN_INFINITE_RECURSION = YES;
				CLANG_WARN_INT_CONVERSION = YES;
				CLANG_WARN_NON_LITERAL_NULL_CONVERSION = YES;
				CLANG_WARN_OBJC_IMPLICIT_RETAIN_SELF = YES;
				CLANG_WARN_OBJC_LITERAL_CONVERSION = YES;
				CLANG_WARN_OBJC_ROOT_CLASS = YES_ERROR;
				CLANG_WARN_QUOTED_INCLUDE_IN_FRAMEWORK_HEADER = YES;
				CLANG_WARN_RANGE_LOOP_ANALYSIS = YES;
				CLANG_WARN_STRICT_PROTOTYPES = YES;
				CLANG_WARN_SUSPICIOUS_MOVE = YES;
				CLANG_WARN_UNGUARDED_AVAILABILITY = YES_AGGRESSIVE;
				CLANG_WARN_UNREACHABLE_CODE = YES;
				CLANG_WARN__DUPLICATE_METHOD_MATCH = YES;
				COPY_PHASE_STRIP = NO;
				DEBUG_INFORMATION_FORMAT = "dwarf-with-dsym";
				ENABLE_NS_ASSERTIONS = NO;
				ENABLE_STRICT_OBJC_MSGSEND = YES;
				ENABLE_USER_SCRIPT_SANDBOXING = YES;
				GCC_C_LANGUAGE_STANDARD = gnu17;
				GCC_NO_COMMON_BLOCKS = YES;
				GCC_WARN_64_TO_32_BIT_CONVERSION = YES;
				GCC_WARN_ABOUT_RETURN_TYPE = YES_ERROR;
				GCC_WARN_UNDECLARED_SELECTOR = YES;
				GCC_WARN_UNINITIALIZED_AUTOS = YES_AGGRESSIVE;
				GCC_WARN_UNUSED_FUNCTION = YES;
				GCC_WARN_UNUSED_VARIABLE = YES;
				IPHONEOS_DEPLOYMENT_TARGET = 18.1;
				LOCALIZATION_PREFERS_STRING_CATALOGS = YES;
				MTL_ENABLE_DEBUG_INFO = NO;
				MTL_FAST_MATH = YES;
				SDKROOT = iphoneos;
				SWIFT_COMPILATION_MODE = wholemodule;
				VALIDATE_PRODUCT = YES;
			};
			name = Release;
		};
		C981695E2D9327A90008C237 /* Debug */ = {
			isa = XCBuildConfiguration;
			buildSettings = {
				ASSETCATALOG_COMPILER_APPICON_NAME = AppIcon;
				ASSETCATALOG_COMPILER_GLOBAL_ACCENT_COLOR_NAME = AccentColor;
				CODE_SIGN_STYLE = Automatic;
				CURRENT_PROJECT_VERSION = 1;
				DEVELOPMENT_ASSET_PATHS = "\"momentum/Preview Content\"";
				DEVELOPMENT_TEAM = JS978YP3DM;
				ENABLE_PREVIEWS = YES;
				GENERATE_INFOPLIST_FILE = YES;
				INFOPLIST_KEY_NSMicrophoneUsageDescription = "We need access to your microphone to record your activity description";
				INFOPLIST_KEY_NSSpeechRecognitionUsageDescription = "We need speech recognition to convert your spoken activity into text";
				INFOPLIST_KEY_UIApplicationSceneManifest_Generation = YES;
				INFOPLIST_KEY_UIApplicationSupportsIndirectInputEvents = YES;
				INFOPLIST_KEY_UILaunchScreen_Generation = YES;
				INFOPLIST_KEY_UISupportedInterfaceOrientations_iPad = "UIInterfaceOrientationPortrait UIInterfaceOrientationPortraitUpsideDown UIInterfaceOrientationLandscapeLeft UIInterfaceOrientationLandscapeRight";
				INFOPLIST_KEY_UISupportedInterfaceOrientations_iPhone = "UIInterfaceOrientationPortrait UIInterfaceOrientationLandscapeLeft UIInterfaceOrientationLandscapeRight";
				LD_RUNPATH_SEARCH_PATHS = (
					"$(inherited)",
					"@executable_path/Frameworks",
				);
				MARKETING_VERSION = 1.0;
				PRODUCT_BUNDLE_IDENTIFIER = com.matt.momentum;
				PRODUCT_NAME = "$(TARGET_NAME)";
				SWIFT_EMIT_LOC_STRINGS = YES;
				SWIFT_VERSION = 5.0;
				TARGETED_DEVICE_FAMILY = "1,2";
			};
			name = Debug;
		};
		C981695F2D9327A90008C237 /* Release */ = {
			isa = XCBuildConfiguration;
			buildSettings = {
				ASSETCATALOG_COMPILER_APPICON_NAME = AppIcon;
				ASSETCATALOG_COMPILER_GLOBAL_ACCENT_COLOR_NAME = AccentColor;
				CODE_SIGN_STYLE = Automatic;
				CURRENT_PROJECT_VERSION = 1;
				DEVELOPMENT_ASSET_PATHS = "\"momentum/Preview Content\"";
				DEVELOPMENT_TEAM = JS978YP3DM;
				ENABLE_PREVIEWS = YES;
				GENERATE_INFOPLIST_FILE = YES;
				INFOPLIST_KEY_NSMicrophoneUsageDescription = "We need access to your microphone to record your activity description";
				INFOPLIST_KEY_NSSpeechRecognitionUsageDescription = "We need speech recognition to convert your spoken activity into text";
				INFOPLIST_KEY_UIApplicationSceneManifest_Generation = YES;
				INFOPLIST_KEY_UIApplicationSupportsIndirectInputEvents = YES;
				INFOPLIST_KEY_UILaunchScreen_Generation = YES;
				INFOPLIST_KEY_UISupportedInterfaceOrientations_iPad = "UIInterfaceOrientationPortrait UIInterfaceOrientationPortraitUpsideDown UIInterfaceOrientationLandscapeLeft UIInterfaceOrientationLandscapeRight";
				INFOPLIST_KEY_UISupportedInterfaceOrientations_iPhone = "UIInterfaceOrientationPortrait UIInterfaceOrientationLandscapeLeft UIInterfaceOrientationLandscapeRight";
				LD_RUNPATH_SEARCH_PATHS = (
					"$(inherited)",
					"@executable_path/Frameworks",
				);
				MARKETING_VERSION = 1.0;
				PRODUCT_BUNDLE_IDENTIFIER = com.matt.momentum;
				PRODUCT_NAME = "$(TARGET_NAME)";
				SWIFT_EMIT_LOC_STRINGS = YES;
				SWIFT_VERSION = 5.0;
				TARGETED_DEVICE_FAMILY = "1,2";
			};
			name = Release;
		};
		C98169612D9327A90008C237 /* Debug */ = {
			isa = XCBuildConfiguration;
			buildSettings = {
				BUNDLE_LOADER = "$(TEST_HOST)";
				CODE_SIGN_STYLE = Automatic;
				CURRENT_PROJECT_VERSION = 1;
				DEVELOPMENT_TEAM = JS978YP3DM;
				GENERATE_INFOPLIST_FILE = YES;
				IPHONEOS_DEPLOYMENT_TARGET = 18.1;
				MARKETING_VERSION = 1.0;
				PRODUCT_BUNDLE_IDENTIFIER = com.matt.momentumTests;
				PRODUCT_NAME = "$(TARGET_NAME)";
				SWIFT_EMIT_LOC_STRINGS = NO;
				SWIFT_VERSION = 5.0;
				TARGETED_DEVICE_FAMILY = "1,2";
				TEST_HOST = "$(BUILT_PRODUCTS_DIR)/momentum.app/$(BUNDLE_EXECUTABLE_FOLDER_PATH)/momentum";
			};
			name = Debug;
		};
		C98169622D9327A90008C237 /* Release */ = {
			isa = XCBuildConfiguration;
			buildSettings = {
				BUNDLE_LOADER = "$(TEST_HOST)";
				CODE_SIGN_STYLE = Automatic;
				CURRENT_PROJECT_VERSION = 1;
				DEVELOPMENT_TEAM = JS978YP3DM;
				GENERATE_INFOPLIST_FILE = YES;
				IPHONEOS_DEPLOYMENT_TARGET = 18.1;
				MARKETING_VERSION = 1.0;
				PRODUCT_BUNDLE_IDENTIFIER = com.matt.momentumTests;
				PRODUCT_NAME = "$(TARGET_NAME)";
				SWIFT_EMIT_LOC_STRINGS = NO;
				SWIFT_VERSION = 5.0;
				TARGETED_DEVICE_FAMILY = "1,2";
				TEST_HOST = "$(BUILT_PRODUCTS_DIR)/momentum.app/$(BUNDLE_EXECUTABLE_FOLDER_PATH)/momentum";
			};
			name = Release;
		};
		C98169642D9327A90008C237 /* Debug */ = {
			isa = XCBuildConfiguration;
			buildSettings = {
				CODE_SIGN_STYLE = Automatic;
				CURRENT_PROJECT_VERSION = 1;
				DEVELOPMENT_TEAM = JS978YP3DM;
				GENERATE_INFOPLIST_FILE = YES;
				MARKETING_VERSION = 1.0;
				PRODUCT_BUNDLE_IDENTIFIER = com.matt.momentumUITests;
				PRODUCT_NAME = "$(TARGET_NAME)";
				SWIFT_EMIT_LOC_STRINGS = NO;
				SWIFT_VERSION = 5.0;
				TARGETED_DEVICE_FAMILY = "1,2";
				TEST_TARGET_NAME = momentum;
			};
			name = Debug;
		};
		C98169652D9327A90008C237 /* Release */ = {
			isa = XCBuildConfiguration;
			buildSettings = {
				CODE_SIGN_STYLE = Automatic;
				CURRENT_PROJECT_VERSION = 1;
				DEVELOPMENT_TEAM = JS978YP3DM;
				GENERATE_INFOPLIST_FILE = YES;
				MARKETING_VERSION = 1.0;
				PRODUCT_BUNDLE_IDENTIFIER = com.matt.momentumUITests;
				PRODUCT_NAME = "$(TARGET_NAME)";
				SWIFT_EMIT_LOC_STRINGS = NO;
				SWIFT_VERSION = 5.0;
				TARGETED_DEVICE_FAMILY = "1,2";
				TEST_TARGET_NAME = momentum;
			};
			name = Release;
		};
/* End XCBuildConfiguration section */

/* Begin XCConfigurationList section */
		C98169342D9327A70008C237 /* Build configuration list for PBXProject "momentum" */ = {
			isa = XCConfigurationList;
			buildConfigurations = (
				C981695B2D9327A90008C237 /* Debug */,
				C981695C2D9327A90008C237 /* Release */,
			);
			defaultConfigurationIsVisible = 0;
			defaultConfigurationName = Release;
		};
		C981695D2D9327A90008C237 /* Build configuration list for PBXNativeTarget "momentum" */ = {
			isa = XCConfigurationList;
			buildConfigurations = (
				C981695E2D9327A90008C237 /* Debug */,
				C981695F2D9327A90008C237 /* Release */,
			);
			defaultConfigurationIsVisible = 0;
			defaultConfigurationName = Release;
		};
		C98169602D9327A90008C237 /* Build configuration list for PBXNativeTarget "momentumTests" */ = {
			isa = XCConfigurationList;
			buildConfigurations = (
				C98169612D9327A90008C237 /* Debug */,
				C98169622D9327A90008C237 /* Release */,
			);
			defaultConfigurationIsVisible = 0;
			defaultConfigurationName = Release;
		};
		C98169632D9327A90008C237 /* Build configuration list for PBXNativeTarget "momentumUITests" */ = {
			isa = XCConfigurationList;
			buildConfigurations = (
				C98169642D9327A90008C237 /* Debug */,
				C98169652D9327A90008C237 /* Release */,
			);
			defaultConfigurationIsVisible = 0;
			defaultConfigurationName = Release;
		};
/* End XCConfigurationList section */

/* Begin XCRemoteSwiftPackageReference section */
		C9816A0C2D9328DB0008C237 /* XCRemoteSwiftPackageReference "firebase-ios-sdk" */ = {
			isa = XCRemoteSwiftPackageReference;
			repositoryURL = "https://github.com/firebase/firebase-ios-sdk.git";
			requirement = {
				kind = upToNextMajorVersion;
				minimumVersion = 11.10.0;
			};
		};
/* End XCRemoteSwiftPackageReference section */

/* Begin XCSwiftPackageProductDependency section */
		C9816A0D2D9328DB0008C237 /* FirebaseAuth */ = {
			isa = XCSwiftPackageProductDependency;
			package = C9816A0C2D9328DB0008C237 /* XCRemoteSwiftPackageReference "firebase-ios-sdk" */;
			productName = FirebaseAuth;
		};
		C9816A0F2D9328DB0008C237 /* FirebaseCore */ = {
			isa = XCSwiftPackageProductDependency;
			package = C9816A0C2D9328DB0008C237 /* XCRemoteSwiftPackageReference "firebase-ios-sdk" */;
			productName = FirebaseCore;
		};
		C9816A112D9328DB0008C237 /* FirebaseFirestore */ = {
			isa = XCSwiftPackageProductDependency;
			package = C9816A0C2D9328DB0008C237 /* XCRemoteSwiftPackageReference "firebase-ios-sdk" */;
			productName = FirebaseFirestore;
		};
/* End XCSwiftPackageProductDependency section */
	};
	rootObject = C98169312D9327A70008C237 /* Project object */;
}
